lockfileVersion: 5.4

specifiers:
  '@vb_he/vue-virtual-scroll': 1.0.0-beta.35
  '@vitejs/plugin-vue': ^3.0.3
  less: ^4.1.3
  typescript: ^4.6.4
  vite: ^3.0.7
  vue: ^3.2.37
  vue-router: '4'
  vue-tsc: ^0.39.5

dependencies:
  vue: 3.2.38

devDependencies:
  '@vb_he/vue-virtual-scroll': 1.0.0-beta.35
  '@vitejs/plugin-vue': 3.1.0_vite@3.1.0+vue@3.2.38
  less: 4.1.3
  typescript: 4.8.2
  vite: 3.1.0_less@4.1.3
  vue-router: 4.1.5_vue@3.2.38
  vue-tsc: 0.39.5_typescript@4.8.2

packages:

  /@babel/helper-string-parser/7.18.10:
    resolution: {integrity: sha512-XtIfWmeNY3i4t7t4D2t02q50HvqHybPqW2ki1kosnvWCwuCMeo81Jf0gwr85jy/neUdg5XDdeFE/80DXiO+njw==}
    engines: {node: '>=6.9.0'}

  /@babel/helper-validator-identifier/7.18.6:
    resolution: {integrity: sha512-MmetCkz9ej86nJQV+sFCxoGGrUbU3q02kgLciwkrt9QqEB7cP39oKEY0PakknEO0Gu20SskMRi+AYZ3b1TpN9g==}
    engines: {node: '>=6.9.0'}

  /@babel/parser/7.19.0:
    resolution: {integrity: sha512-74bEXKX2h+8rrfQUfsBfuZZHzsEs6Eql4pqy/T4Nn6Y9wNPggQOqD6z6pn5Bl8ZfysKouFZT/UXEH94ummEeQw==}
    engines: {node: '>=6.0.0'}
    hasBin: true
    dependencies:
      '@babel/types': 7.19.0

  /@babel/types/7.19.0:
    resolution: {integrity: sha512-YuGopBq3ke25BVSiS6fgF49Ul9gH1x70Bcr6bqRLjWCkcX8Hre1/5+z+IiWOIerRMSSEfGZVB9z9kyq7wVs9YA==}
    engines: {node: '>=6.9.0'}
    dependencies:
      '@babel/helper-string-parser': 7.18.10
      '@babel/helper-validator-identifier': 7.18.6
      to-fast-properties: 2.0.0

  /@esbuild/linux-loong64/0.15.7:
    resolution: {integrity: sha512-IKznSJOsVUuyt7cDzzSZyqBEcZe+7WlBqTVXiF1OXP/4Nm387ToaXZ0fyLwI1iBlI/bzpxVq411QE2/Bt2XWWw==}
    engines: {node: '>=12'}
    cpu: [loong64]
    os: [linux]
    requiresBuild: true
    dev: true
    optional: true

  /@vb_he/vue-virtual-scroll/1.0.0-beta.35:
    resolution: {integrity: sha512-6EMVaB3lpGvLOFjKxTyuxP2KCWOERcDe4yYAaiZrZFHMrxc/XsfLhO+JNo6cJTcyivNxwx1R3158huY3Xi/FnQ==}
    dependencies:
      vue: 3.2.38
    dev: true

  /@vitejs/plugin-vue/3.1.0_vite@3.1.0+vue@3.2.38:
    resolution: {integrity: sha512-fmxtHPjSOEIRg6vHYDaem+97iwCUg/uSIaTzp98lhELt2ISOQuDo2hbkBdXod0g15IhfPMQmAxh4heUks2zvDA==}
    engines: {node: ^14.18.0 || >=16.0.0}
    peerDependencies:
      vite: ^3.0.0
      vue: ^3.2.25
    dependencies:
      vite: 3.1.0_less@4.1.3
      vue: 3.2.38
    dev: true

  /@volar/code-gen/0.39.5:
    resolution: {integrity: sha512-vQr5VoCH8T2NHmqLc/AA1/4F8l41WB+24+I+VjxBaev/Hmwjye9K0GlmMHAOl84WB3hWGOqpHaPX6JkqzRNjJg==}
    dependencies:
      '@volar/source-map': 0.39.5
    dev: true

  /@volar/source-map/0.39.5:
    resolution: {integrity: sha512-IVOX+v++Sr5Kok4/cLbDJp2vf1ia1rChpV7adgcnMle6uORBuGFEur234UzamK0iHRCcfFFRz7z+hSPf2CO23Q==}
    dev: true

  /@volar/typescript-faster/0.39.5:
    resolution: {integrity: sha512-IzLqlxefmKkjNKXC/8aFiqPcTqnj6RG31D2f9cIWxmW9pvUYJxLED+y9phnOxNxq0OmeRtQ3Pfmvu85tUBoZsQ==}
    dependencies:
      semver: 7.3.7
    dev: true

  /@volar/vue-code-gen/0.39.5:
    resolution: {integrity: sha512-y+QUV9MuuasiIuRoGKQl+gMhDaAX6XNhckAyJCvD1FZ8f2eJuPY2VtoFxmu/Z2bGWBdtUW/g98jaeKJ+j3wwOw==}
    dependencies:
      '@volar/code-gen': 0.39.5
      '@volar/source-map': 0.39.5
      '@vue/compiler-core': 3.2.38
      '@vue/compiler-dom': 3.2.38
      '@vue/shared': 3.2.38
    dev: true

  /@volar/vue-language-core/0.39.5:
    resolution: {integrity: sha512-m+e1tYuL/WRPhSeC7hZ0NuSwHsfnnGJVxCBHLaP7jR0f6xcC0DAegP3QF+gfu9ZJFPGznpZYFKadngMjuhQS9Q==}
    dependencies:
      '@volar/code-gen': 0.39.5
      '@volar/source-map': 0.39.5
      '@volar/vue-code-gen': 0.39.5
      '@vue/compiler-sfc': 3.2.38
      '@vue/reactivity': 3.2.38
    dev: true

  /@volar/vue-typescript/0.39.5:
    resolution: {integrity: sha512-ckhWD1xOi0OMr702XVkv/Npsb9FKAp5gvhxyLv0QqWekPdSo04t4KrZfwosJLGERIEcyr50SuB7HqBp8ndQmzA==}
    dependencies:
      '@volar/code-gen': 0.39.5
      '@volar/typescript-faster': 0.39.5
      '@volar/vue-language-core': 0.39.5
    dev: true

  /@vue/compiler-core/3.2.38:
    resolution: {integrity: sha512-/FsvnSu7Z+lkd/8KXMa4yYNUiqQrI22135gfsQYVGuh5tqEgOB0XqrUdb/KnCLa5+TmQLPwvyUnKMyCpu+SX3Q==}
    dependencies:
      '@babel/parser': 7.19.0
      '@vue/shared': 3.2.38
      estree-walker: 2.0.2
      source-map: 0.6.1

  /@vue/compiler-dom/3.2.38:
    resolution: {integrity: sha512-zqX4FgUbw56kzHlgYuEEJR8mefFiiyR3u96498+zWPsLeh1WKvgIReoNE+U7gG8bCUdvsrJ0JRmev0Ky6n2O0g==}
    dependencies:
      '@vue/compiler-core': 3.2.38
      '@vue/shared': 3.2.38

  /@vue/compiler-sfc/3.2.38:
    resolution: {integrity: sha512-KZjrW32KloMYtTcHAFuw3CqsyWc5X6seb8KbkANSWt3Cz9p2qA8c1GJpSkksFP9ABb6an0FLCFl46ZFXx3kKpg==}
    dependencies:
      '@babel/parser': 7.19.0
      '@vue/compiler-core': 3.2.38
      '@vue/compiler-dom': 3.2.38
      '@vue/compiler-ssr': 3.2.38
      '@vue/reactivity-transform': 3.2.38
      '@vue/shared': 3.2.38
      estree-walker: 2.0.2
      magic-string: 0.25.9
      postcss: 8.4.16
      source-map: 0.6.1

  /@vue/compiler-ssr/3.2.38:
    resolution: {integrity: sha512-bm9jOeyv1H3UskNm4S6IfueKjUNFmi2kRweFIGnqaGkkRePjwEcfCVqyS3roe7HvF4ugsEkhf4+kIvDhip6XzQ==}
    dependencies:
      '@vue/compiler-dom': 3.2.38
      '@vue/shared': 3.2.38

  /@vue/devtools-api/6.2.1:
    resolution: {integrity: sha512-OEgAMeQXvCoJ+1x8WyQuVZzFo0wcyCmUR3baRVLmKBo1LmYZWMlRiXlux5jd0fqVJu6PfDbOrZItVqUEzLobeQ==}
    dev: true

  /@vue/reactivity-transform/3.2.38:
    resolution: {integrity: sha512-3SD3Jmi1yXrDwiNJqQ6fs1x61WsDLqVk4NyKVz78mkaIRh6d3IqtRnptgRfXn+Fzf+m6B1KxBYWq1APj6h4qeA==}
    dependencies:
      '@babel/parser': 7.19.0
      '@vue/compiler-core': 3.2.38
      '@vue/shared': 3.2.38
      estree-walker: 2.0.2
      magic-string: 0.25.9

  /@vue/reactivity/3.2.38:
    resolution: {integrity: sha512-6L4myYcH9HG2M25co7/BSo0skKFHpAN8PhkNPM4xRVkyGl1K5M3Jx4rp5bsYhvYze2K4+l+pioN4e6ZwFLUVtw==}
    dependencies:
      '@vue/shared': 3.2.38

  /@vue/runtime-core/3.2.38:
    resolution: {integrity: sha512-kk0qiSiXUU/IKxZw31824rxmFzrLr3TL6ZcbrxWTKivadoKupdlzbQM4SlGo4MU6Zzrqv4fzyUasTU1jDoEnzg==}
    dependencies:
      '@vue/reactivity': 3.2.38
      '@vue/shared': 3.2.38

  /@vue/runtime-dom/3.2.38:
    resolution: {integrity: sha512-4PKAb/ck2TjxdMSzMsnHViOrrwpudk4/A56uZjhzvusoEU9xqa5dygksbzYepdZeB5NqtRw5fRhWIiQlRVK45A==}
    dependencies:
      '@vue/runtime-core': 3.2.38
      '@vue/shared': 3.2.38
      csstype: 2.6.20

  /@vue/server-renderer/3.2.38_vue@3.2.38:
    resolution: {integrity: sha512-pg+JanpbOZ5kEfOZzO2bt02YHd+ELhYP8zPeLU1H0e7lg079NtuuSB8fjLdn58c4Ou8UQ6C1/P+528nXnLPAhA==}
    peerDependencies:
      vue: 3.2.38
    dependencies:
      '@vue/compiler-ssr': 3.2.38
      '@vue/shared': 3.2.38
      vue: 3.2.38

  /@vue/shared/3.2.38:
    resolution: {integrity: sha512-dTyhTIRmGXBjxJE+skC8tTWCGLCVc4wQgRRLt8+O9p5ewBAjoBwtCAkLPrtToSr1xltoe3st21Pv953aOZ7alg==}

  /copy-anything/2.0.6:
    resolution: {integrity: sha512-1j20GZTsvKNkc4BY3NpMOM8tt///wY3FpIzozTOFO2ffuZcV61nojHXVKIy3WM+7ADCy5FVhdZYHYDdgTU0yJw==}
    dependencies:
      is-what: 3.14.1
    dev: true

  /csstype/2.6.20:
    resolution: {integrity: sha512-/WwNkdXfckNgw6S5R125rrW8ez139lBHWouiBvX8dfMFtcn6V81REDqnH7+CRpRipfYlyU1CmOnOxrmGcFOjeA==}

  /debug/3.2.7:
    resolution: {integrity: sha512-CFjzYYAi4ThfiQvizrFQevTTXHtnCqWfe7x1AhgEscTz6ZbLbfoLRLPugTQyBth6f8ZERVUSyWHFD/7Wu4t1XQ==}
    peerDependencies:
      supports-color: '*'
    peerDependenciesMeta:
      supports-color:
        optional: true
    dependencies:
      ms: 2.1.3
    dev: true
    optional: true

  /errno/0.1.8:
    resolution: {integrity: sha512-dJ6oBr5SQ1VSd9qkk7ByRgb/1SH4JZjCHSW/mr63/QcXO9zLVxvJ6Oy13nio03rxpSnVDDjFor75SjVeZWPW/A==}
    hasBin: true
    requiresBuild: true
    dependencies:
      prr: 1.0.1
    dev: true
    optional: true

  /esbuild-android-64/0.15.7:
    resolution: {integrity: sha512-p7rCvdsldhxQr3YHxptf1Jcd86dlhvc3EQmQJaZzzuAxefO9PvcI0GLOa5nCWem1AJ8iMRu9w0r5TG8pHmbi9w==}
    engines: {node: '>=12'}
    cpu: [x64]
    os: [android]
    requiresBuild: true
    dev: true
    optional: true

  /esbuild-android-arm64/0.15.7:
    resolution: {integrity: sha512-L775l9ynJT7rVqRM5vo+9w5g2ysbOCfsdLV4CWanTZ1k/9Jb3IYlQ06VCI1edhcosTYJRECQFJa3eAvkx72eyQ==}
    engines: {node: '>=12'}
    cpu: [arm64]
    os: [android]
    requiresBuild: true
    dev: true
    optional: true

  /esbuild-darwin-64/0.15.7:
    resolution: {integrity: sha512-KGPt3r1c9ww009t2xLB6Vk0YyNOXh7hbjZ3EecHoVDxgtbUlYstMPDaReimKe6eOEfyY4hBEEeTvKwPsiH5WZg==}
    engines: {node: '>=12'}
    cpu: [x64]
    os: [darwin]
    requiresBuild: true
    dev: true
    optional: true

  /esbuild-darwin-arm64/0.15.7:
    resolution: {integrity: sha512-kBIHvtVqbSGajN88lYMnR3aIleH3ABZLLFLxwL2stiuIGAjGlQW741NxVTpUHQXUmPzxi6POqc9npkXa8AcSZQ==}
    engines: {node: '>=12'}
    cpu: [arm64]
    os: [darwin]
    requiresBuild: true
    dev: true
    optional: true

  /esbuild-freebsd-64/0.15.7:
    resolution: {integrity: sha512-hESZB91qDLV5MEwNxzMxPfbjAhOmtfsr9Wnuci7pY6TtEh4UDuevmGmkUIjX/b+e/k4tcNBMf7SRQ2mdNuK/HQ==}
    engines: {node: '>=12'}
    cpu: [x64]
    os: [freebsd]
    requiresBuild: true
    dev: true
    optional: true

  /esbuild-freebsd-arm64/0.15.7:
    resolution: {integrity: sha512-dLFR0ChH5t+b3J8w0fVKGvtwSLWCv7GYT2Y2jFGulF1L5HftQLzVGN+6pi1SivuiVSmTh28FwUhi9PwQicXI6Q==}
    engines: {node: '>=12'}
    cpu: [arm64]
    os: [freebsd]
    requiresBuild: true
    dev: true
    optional: true

  /esbuild-linux-32/0.15.7:
    resolution: {integrity: sha512-v3gT/LsONGUZcjbt2swrMjwxo32NJzk+7sAgtxhGx1+ZmOFaTRXBAi1PPfgpeo/J//Un2jIKm/I+qqeo4caJvg==}
    engines: {node: '>=12'}
    cpu: [ia32]
    os: [linux]
    requiresBuild: true
    dev: true
    optional: true

  /esbuild-linux-64/0.15.7:
    resolution: {integrity: sha512-LxXEfLAKwOVmm1yecpMmWERBshl+Kv5YJ/1KnyAr6HRHFW8cxOEsEfisD3sVl/RvHyW//lhYUVSuy9jGEfIRAQ==}
    engines: {node: '>=12'}
    cpu: [x64]
    os: [linux]
    requiresBuild: true
    dev: true
    optional: true

  /esbuild-linux-arm/0.15.7:
    resolution: {integrity: sha512-JKgAHtMR5f75wJTeuNQbyznZZa+pjiUHV7sRZp42UNdyXC6TiUYMW/8z8yIBAr2Fpad8hM1royZKQisqPABPvQ==}
    engines: {node: '>=12'}
    cpu: [arm]
    os: [linux]
    requiresBuild: true
    dev: true
    optional: true

  /esbuild-linux-arm64/0.15.7:
    resolution: {integrity: sha512-P3cfhudpzWDkglutWgXcT2S7Ft7o2e3YDMrP1n0z2dlbUZghUkKCyaWw0zhp4KxEEzt/E7lmrtRu/pGWnwb9vw==}
    engines: {node: '>=12'}
    cpu: [arm64]
    os: [linux]
    requiresBuild: true
    dev: true
    optional: true

  /esbuild-linux-mips64le/0.15.7:
    resolution: {integrity: sha512-T7XKuxl0VpeFLCJXub6U+iybiqh0kM/bWOTb4qcPyDDwNVhLUiPcGdG2/0S7F93czUZOKP57YiLV8YQewgLHKw==}
    engines: {node: '>=12'}
    cpu: [mips64el]
    os: [linux]
    requiresBuild: true
    dev: true
    optional: true

  /esbuild-linux-ppc64le/0.15.7:
    resolution: {integrity: sha512-6mGuC19WpFN7NYbecMIJjeQgvDb5aMuvyk0PDYBJrqAEMkTwg3Z98kEKuCm6THHRnrgsdr7bp4SruSAxEM4eJw==}
    engines: {node: '>=12'}
    cpu: [ppc64]
    os: [linux]
    requiresBuild: true
    dev: true
    optional: true

  /esbuild-linux-riscv64/0.15.7:
    resolution: {integrity: sha512-uUJsezbswAYo/X7OU/P+PuL/EI9WzxsEQXDekfwpQ23uGiooxqoLFAPmXPcRAt941vjlY9jtITEEikWMBr+F/g==}
    engines: {node: '>=12'}
    cpu: [riscv64]
    os: [linux]
    requiresBuild: true
    dev: true
    optional: true

  /esbuild-linux-s390x/0.15.7:
    resolution: {integrity: sha512-+tO+xOyTNMc34rXlSxK7aCwJgvQyffqEM5MMdNDEeMU3ss0S6wKvbBOQfgd5jRPblfwJ6b+bKiz0g5nABpY0QQ==}
    engines: {node: '>=12'}
    cpu: [s390x]
    os: [linux]
    requiresBuild: true
    dev: true
    optional: true

  /esbuild-netbsd-64/0.15.7:
    resolution: {integrity: sha512-yVc4Wz+Pu3cP5hzm5kIygNPrjar/v5WCSoRmIjCPWfBVJkZNb5brEGKUlf+0Y759D48BCWa0WHrWXaNy0DULTQ==}
    engines: {node: '>=12'}
    cpu: [x64]
    os: [netbsd]
    requiresBuild: true
    dev: true
    optional: true

  /esbuild-openbsd-64/0.15.7:
    resolution: {integrity: sha512-GsimbwC4FSR4lN3wf8XmTQ+r8/0YSQo21rWDL0XFFhLHKlzEA4SsT1Tl8bPYu00IU6UWSJ+b3fG/8SB69rcuEQ==}
    engines: {node: '>=12'}
    cpu: [x64]
    os: [openbsd]
    requiresBuild: true
    dev: true
    optional: true

  /esbuild-sunos-64/0.15.7:
    resolution: {integrity: sha512-8CDI1aL/ts0mDGbWzjEOGKXnU7p3rDzggHSBtVryQzkSOsjCHRVe0iFYUuhczlxU1R3LN/E7HgUO4NXzGGP/Ag==}
    engines: {node: '>=12'}
    cpu: [x64]
    os: [sunos]
    requiresBuild: true
    dev: true
    optional: true

  /esbuild-windows-32/0.15.7:
    resolution: {integrity: sha512-cOnKXUEPS8EGCzRSFa1x6NQjGhGsFlVgjhqGEbLTPsA7x4RRYiy2RKoArNUU4iR2vHmzqS5Gr84MEumO/wxYKA==}
    engines: {node: '>=12'}
    cpu: [ia32]
    os: [win32]
    requiresBuild: true
    dev: true
    optional: true

  /esbuild-windows-64/0.15.7:
    resolution: {integrity: sha512-7MI08Ec2sTIDv+zH6StNBKO+2hGUYIT42GmFyW6MBBWWtJhTcQLinKS6ldIN1d52MXIbiJ6nXyCJ+LpL4jBm3Q==}
    engines: {node: '>=12'}
    cpu: [x64]
    os: [win32]
    requiresBuild: true
    dev: true
    optional: true

  /esbuild-windows-arm64/0.15.7:
    resolution: {integrity: sha512-R06nmqBlWjKHddhRJYlqDd3Fabx9LFdKcjoOy08YLimwmsswlFBJV4rXzZCxz/b7ZJXvrZgj8DDv1ewE9+StMw==}
    engines: {node: '>=12'}
    cpu: [arm64]
    os: [win32]
    requiresBuild: true
    dev: true
    optional: true

  /esbuild/0.15.7:
    resolution: {integrity: sha512-7V8tzllIbAQV1M4QoE52ImKu8hT/NLGlGXkiDsbEU5PS6K8Mn09ZnYoS+dcmHxOS9CRsV4IRAMdT3I67IyUNXw==}
    engines: {node: '>=12'}
    hasBin: true
    requiresBuild: true
    optionalDependencies:
      '@esbuild/linux-loong64': 0.15.7
      esbuild-android-64: 0.15.7
      esbuild-android-arm64: 0.15.7
      esbuild-darwin-64: 0.15.7
      esbuild-darwin-arm64: 0.15.7
      esbuild-freebsd-64: 0.15.7
      esbuild-freebsd-arm64: 0.15.7
      esbuild-linux-32: 0.15.7
      esbuild-linux-64: 0.15.7
      esbuild-linux-arm: 0.15.7
      esbuild-linux-arm64: 0.15.7
      esbuild-linux-mips64le: 0.15.7
      esbuild-linux-ppc64le: 0.15.7
      esbuild-linux-riscv64: 0.15.7
      esbuild-linux-s390x: 0.15.7
      esbuild-netbsd-64: 0.15.7
      esbuild-openbsd-64: 0.15.7
      esbuild-sunos-64: 0.15.7
      esbuild-windows-32: 0.15.7
      esbuild-windows-64: 0.15.7
      esbuild-windows-arm64: 0.15.7
    dev: true

  /estree-walker/2.0.2:
    resolution: {integrity: sha512-Rfkk/Mp/DL7JVje3u18FxFujQlTNR2q6QfMSMB7AvCBx91NGj/ba3kCfza0f6dVDbw7YlRf/nDrn7pQrCCyQ/w==}

  /fsevents/2.3.2:
    resolution: {integrity: sha512-xiqMQR4xAeHTuB9uWm+fFRcIOgKBMiOBP+eXiyT7jsgVCq1bkVygt00oASowB7EdtpOHaaPgKt812P9ab+DDKA==}
    engines: {node: ^8.16.0 || ^10.6.0 || >=11.0.0}
    os: [darwin]
    requiresBuild: true
    dev: true
    optional: true

  /function-bind/1.1.1:
    resolution: {integrity: sha512-yIovAzMX49sF8Yl58fSCWJ5svSLuaibPxXQJFLmBObTuCr0Mf1KiPopGM9NiFjiYBCbfaa2Fh6breQ6ANVTI0A==}
    dev: true

  /graceful-fs/4.2.10:
    resolution: {integrity: sha512-9ByhssR2fPVsNZj478qUUbKfmL0+t5BDVyjShtyZZLiK7ZDAArFFfopyOTj0M05wE2tJPisA4iTnnXl2YoPvOA==}
    requiresBuild: true
    dev: true
    optional: true

  /has/1.0.3:
    resolution: {integrity: sha512-f2dvO0VU6Oej7RkWJGrehjbzMAjFp5/VKPp5tTpWIV4JHHZK1/BxbFRtf/siA2SWTe09caDmVtYYzWEIbBS4zw==}
    engines: {node: '>= 0.4.0'}
    dependencies:
      function-bind: 1.1.1
    dev: true

  /iconv-lite/0.6.3:
    resolution: {integrity: sha512-4fCk79wshMdzMp2rH06qWrJE4iolqLhCUH+OiuIgU++RB0+94NlDL81atO7GX55uUKueo0txHNtvEyI6D7WdMw==}
    engines: {node: '>=0.10.0'}
    dependencies:
      safer-buffer: 2.1.2
    dev: true
    optional: true

  /image-size/0.5.5:
    resolution: {integrity: sha512-6TDAlDPZxUFCv+fuOkIoXT/V/f3Qbq8e37p+YOiYrUv3v9cc3/6x78VdfPgFVaB9dZYeLUfKgHRebpkm/oP2VQ==}
    engines: {node: '>=0.10.0'}
    hasBin: true
    requiresBuild: true
    dev: true
    optional: true

  /is-core-module/2.10.0:
    resolution: {integrity: sha512-Erxj2n/LDAZ7H8WNJXd9tw38GYM3dv8rk8Zcs+jJuxYTW7sozH+SS8NtrSjVL1/vpLvWi1hxy96IzjJ3EHTJJg==}
    dependencies:
      has: 1.0.3
    dev: true

  /is-what/3.14.1:
    resolution: {integrity: sha512-sNxgpk9793nzSs7bA6JQJGeIuRBQhAaNGG77kzYQgMkrID+lS6SlK07K5LaptscDlSaIgH+GPFzf+d75FVxozA==}
    dev: true

  /less/4.1.3:
    resolution: {integrity: sha512-w16Xk/Ta9Hhyei0Gpz9m7VS8F28nieJaL/VyShID7cYvP6IL5oHeL6p4TXSDJqZE/lNv0oJ2pGVjJsRkfwm5FA==}
    engines: {node: '>=6'}
    hasBin: true
    dependencies:
      copy-anything: 2.0.6
      parse-node-version: 1.0.1
      tslib: 2.4.0
    optionalDependencies:
      errno: 0.1.8
      graceful-fs: 4.2.10
      image-size: 0.5.5
      make-dir: 2.1.0
      mime: 1.6.0
      needle: 3.1.0
      source-map: 0.6.1
    transitivePeerDependencies:
      - supports-color
    dev: true

  /lru-cache/6.0.0:
    resolution: {integrity: sha512-Jo6dJ04CmSjuznwJSS3pUeWmd/H0ffTlkXXgwZi+eq1UCmqQwCh+eLsYOYCwY991i2Fah4h1BEMCx4qThGbsiA==}
    engines: {node: '>=10'}
    dependencies:
      yallist: 4.0.0
    dev: true

  /magic-string/0.25.9:
    resolution: {integrity: sha512-RmF0AsMzgt25qzqqLc1+MbHmhdx0ojF2Fvs4XnOqz2ZOBXzzkEwc/dJQZCYHAn7v1jbVOjAZfK8msRn4BxO4VQ==}
    dependencies:
      sourcemap-codec: 1.4.8

  /make-dir/2.1.0:
    resolution: {integrity: sha512-LS9X+dc8KLxXCb8dni79fLIIUA5VyZoyjSMCwTluaXA0o27cCK0bhXkpgw+sTXVpPy/lSO57ilRixqk0vDmtRA==}
    engines: {node: '>=6'}
    requiresBuild: true
    dependencies:
      pify: 4.0.1
      semver: 5.7.1
    dev: true
    optional: true

  /mime/1.6.0:
    resolution: {integrity: sha512-x0Vn8spI+wuJ1O6S7gnbaQg8Pxh4NNHb7KSINmEWKiPE4RKOplvijn+NkmYmmRgP68mc70j2EbeTFRsrswaQeg==}
    engines: {node: '>=4'}
    hasBin: true
    requiresBuild: true
    dev: true
    optional: true

  /ms/2.1.3:
    resolution: {integrity: sha512-6FlzubTLZG3J2a/NVCAleEhjzq5oxgHyaCU9yYXvcLsvoVaHJq/s5xXI6/XXP6tz7R9xAOtHnSO/tXtF3WRTlA==}
    dev: true
    optional: true

  /nanoid/3.3.4:
    resolution: {integrity: sha512-MqBkQh/OHTS2egovRtLk45wEyNXwF+cokD+1YPf9u5VfJiRdAiRwB2froX5Co9Rh20xs4siNPm8naNotSD6RBw==}
    engines: {node: ^10 || ^12 || ^13.7 || ^14 || >=15.0.1}
    hasBin: true

  /needle/3.1.0:
    resolution: {integrity: sha512-gCE9weDhjVGCRqS8dwDR/D3GTAeyXLXuqp7I8EzH6DllZGXSUyxuqqLh+YX9rMAWaaTFyVAg6rHGL25dqvczKw==}
    engines: {node: '>= 4.4.x'}
    hasBin: true
    requiresBuild: true
    dependencies:
      debug: 3.2.7
      iconv-lite: 0.6.3
      sax: 1.2.4
    transitivePeerDependencies:
      - supports-color
    dev: true
    optional: true

  /parse-node-version/1.0.1:
    resolution: {integrity: sha512-3YHlOa/JgH6Mnpr05jP9eDG254US9ek25LyIxZlDItp2iJtwyaXQb57lBYLdT3MowkUFYEV2XXNAYIPlESvJlA==}
    engines: {node: '>= 0.10'}
    dev: true

  /path-parse/1.0.7:
    resolution: {integrity: sha512-LDJzPVEEEPR+y48z93A0Ed0yXb8pAByGWo/k5YYdYgpY2/2EsOsksJrq7lOHxryrVOn1ejG6oAp8ahvOIQD8sw==}
    dev: true

  /picocolors/1.0.0:
    resolution: {integrity: sha512-1fygroTLlHu66zi26VoTDv8yRgm0Fccecssto+MhsZ0D/DGW2sm8E8AjW7NU5VVTRt5GxbeZ5qBuJr+HyLYkjQ==}

  /pify/4.0.1:
    resolution: {integrity: sha512-uB80kBFb/tfd68bVleG9T5GGsGPjJrLAUpR5PZIrhBnIaRTQRjqdJSsIKkOP6OAIFbj7GOrcudc5pNjZ+geV2g==}
    engines: {node: '>=6'}
    dev: true
    optional: true

  /postcss/8.4.16:
    resolution: {integrity: sha512-ipHE1XBvKzm5xI7hiHCZJCSugxvsdq2mPnsq5+UF+VHCjiBvtDrlxJfMBToWaP9D5XlgNmcFGqoHmUn0EYEaRQ==}
    engines: {node: ^10 || ^12 || >=14}
    dependencies:
      nanoid: 3.3.4
      picocolors: 1.0.0
      source-map-js: 1.0.2

  /prr/1.0.1:
    resolution: {integrity: sha512-yPw4Sng1gWghHQWj0B3ZggWUm4qVbPwPFcRG8KyxiU7J2OHFSoEHKS+EZ3fv5l1t9CyCiop6l/ZYeWbrgoQejw==}
    dev: true
    optional: true

  /resolve/1.22.1:
    resolution: {integrity: sha512-nBpuuYuY5jFsli/JIs1oldw6fOQCBioohqWZg/2hiaOybXOft4lonv85uDOKXdf8rhyK159cxU5cDcK/NKk8zw==}
    hasBin: true
    dependencies:
      is-core-module: 2.10.0
      path-parse: 1.0.7
      supports-preserve-symlinks-flag: 1.0.0
    dev: true

  /rollup/2.78.1:
    resolution: {integrity: sha512-VeeCgtGi4P+o9hIg+xz4qQpRl6R401LWEXBmxYKOV4zlF82lyhgh2hTZnheFUbANE8l2A41F458iwj2vEYaXJg==}
    engines: {node: '>=10.0.0'}
    hasBin: true
    optionalDependencies:
      fsevents: 2.3.2
    dev: true

  /safer-buffer/2.1.2:
    resolution: {integrity: sha512-YZo3K82SD7Riyi0E1EQPojLz7kpepnSQI9IyPbHHg1XXXevb5dJI7tpyN2ADxGcQbHG7vcyRHk0cbwqcQriUtg==}
    dev: true
    optional: true

  /sax/1.2.4:
    resolution: {integrity: sha512-NqVDv9TpANUjFm0N8uM5GxL36UgKi9/atZw+x7YFnQ8ckwFGKrl4xX4yWtrey3UJm5nP1kUbnYgLopqWNSRhWw==}
    dev: true
    optional: true

  /semver/5.7.1:
    resolution: {integrity: sha512-sauaDf/PZdVgrLTNYHRtpXa1iRiKcaebiKQ1BJdpQlWH2lCvexQdX55snPFyK7QzpudqbCI0qXFfOasHdyNDGQ==}
    hasBin: true
    dev: true
    optional: true

  /semver/7.3.7:
    resolution: {integrity: sha512-QlYTucUYOews+WeEujDoEGziz4K6c47V/Bd+LjSSYcA94p+DmINdf7ncaUinThfvZyu13lN9OY1XDxt8C0Tw0g==}
    engines: {node: '>=10'}
    hasBin: true
    dependencies:
      lru-cache: 6.0.0
    dev: true

  /source-map-js/1.0.2:
    resolution: {integrity: sha512-R0XvVJ9WusLiqTCEiGCmICCMplcCkIwwR11mOSD9CR5u+IXYdiseeEuXCVAjS54zqwkLcPNnmU4OeJ6tUrWhDw==}
    engines: {node: '>=0.10.0'}

  /source-map/0.6.1:
    resolution: {integrity: sha512-UjgapumWlbMhkBgzT7Ykc5YXUT46F0iKu8SGXq0bcwP5dz/h0Plj6enJqjz1Zbq2l5WaqYnrVbwWOWMyF3F47g==}
    engines: {node: '>=0.10.0'}

  /sourcemap-codec/1.4.8:
    resolution: {integrity: sha512-9NykojV5Uih4lgo5So5dtw+f0JgJX30KCNI8gwhz2J9A15wD0Ml6tjHKwf6fTSa6fAdVBdZeNOs9eJ71qCk8vA==}

  /supports-preserve-symlinks-flag/1.0.0:
    resolution: {integrity: sha512-ot0WnXS9fgdkgIcePe6RHNk1WA8+muPa6cSjeR3V8K27q9BB1rTE3R1p7Hv0z1ZyAc8s6Vvv8DIyWf681MAt0w==}
    engines: {node: '>= 0.4'}
    dev: true

  /to-fast-properties/2.0.0:
    resolution: {integrity: sha512-/OaKK0xYrs3DmxRYqL/yDc+FxFUVYhDlXMhRmv3z915w2HF1tnN1omB354j8VUGO/hbRzyD6Y3sA7v7GS/ceog==}
    engines: {node: '>=4'}

  /tslib/2.4.0:
    resolution: {integrity: sha512-d6xOpEDfsi2CZVlPQzGeux8XMwLT9hssAsaPYExaQMuYskwb+x1x7J371tWlbBdWHroy99KnVB6qIkUbs5X3UQ==}
    dev: true

  /typescript/4.8.2:
    resolution: {integrity: sha512-C0I1UsrrDHo2fYI5oaCGbSejwX4ch+9Y5jTQELvovfmFkK3HHSZJB8MSJcWLmCUBzQBchCrZ9rMRV6GuNrvGtw==}
    engines: {node: '>=4.2.0'}
    hasBin: true
    dev: true

  /vite/3.1.0_less@4.1.3:
    resolution: {integrity: sha512-YBg3dUicDpDWFCGttmvMbVyS9ydjntwEjwXRj2KBFwSB8SxmGcudo1yb8FW5+M/G86aS8x828ujnzUVdsLjs9g==}
    engines: {node: ^14.18.0 || >=16.0.0}
    hasBin: true
    peerDependencies:
      less: '*'
      sass: '*'
      stylus: '*'
      terser: ^5.4.0
    peerDependenciesMeta:
      less:
        optional: true
      sass:
        optional: true
      stylus:
        optional: true
      terser:
        optional: true
    dependencies:
      esbuild: 0.15.7
      less: 4.1.3
      postcss: 8.4.16
      resolve: 1.22.1
      rollup: 2.78.1
    optionalDependencies:
      fsevents: 2.3.2
    dev: true

  /vue-router/4.1.5_vue@3.2.38:
    resolution: {integrity: sha512-IsvoF5D2GQ/EGTs/Th4NQms9gd2NSqV+yylxIyp/OYp8xOwxmU8Kj/74E9DTSYAyH5LX7idVUngN3JSj1X4xcQ==}
    peerDependencies:
      vue: ^3.2.0
    dependencies:
      '@vue/devtools-api': 6.2.1
      vue: 3.2.38
    dev: true

  /vue-tsc/0.39.5_typescript@4.8.2:
    resolution: {integrity: sha512-jhTsrKhZkafpIeN4Cbhr1K53hNfa/oesSrlh7hUaeHyCk55VhZT6oJkwJbtqN4MYkWZIwPrm3/xTwsELuf2ocg==}
    hasBin: true
    peerDependencies:
      typescript: '*'
    dependencies:
      '@volar/vue-language-core': 0.39.5
      '@volar/vue-typescript': 0.39.5
      typescript: 4.8.2
    dev: true

  /vue/3.2.38:
    resolution: {integrity: sha512-hHrScEFSmDAWL0cwO4B6WO7D3sALZPbfuThDsGBebthrNlDxdJZpGR3WB87VbjpPh96mep1+KzukYEhpHDFa8Q==}
    dependencies:
      '@vue/compiler-dom': 3.2.38
      '@vue/compiler-sfc': 3.2.38
      '@vue/runtime-dom': 3.2.38
      '@vue/server-renderer': 3.2.38_vue@3.2.38
      '@vue/shared': 3.2.38

  /yallist/4.0.0:
    resolution: {integrity: sha512-3wdGidZyq5PB084XLES5TpOSRA3wjXAlIWMhum2kRcv/41Sn2emQ0dycQW4uZXLejwKvg6EsvbdlVL+FYEct7A==}
    dev: true
