{
  "name": "@vb_he/vue-virtual-scroll",
  "version": "1.0.0-beta.39",
  "lockfileVersion": 2,
  "requires": true,
  "packages": {
    "": {
      "name": "@vb_he/vue-virtual-scroll",
      "version": "1.0.0-beta.39",
      "license": "MIT",
      "dependencies": {
        "vue": "^3.2.37"
      },
      "devDependencies": {
        "@types/lodash": "^4.14.184",
        "@vitejs/plugin-vue": "^3.0.3",
        "intersection-observer": "^0.12.2",
        "lodash": "^4.17.21",
        "nanoid": "^4.0.0",
        "resize-observer-polyfill": "^1.5.1",
        "typescript": "^4.6.4",
        "vite": "^3.0.7",
        "vite-plugin-dts": "^1.4.1",
        "vue-tsc": "^0.39.5"
      },
      "peerDependencies": {
        "vue": "^3.2.37"
      }
    },
    "../../node_modules/.pnpm/@types+lodash@4.14.184/node_modules/@types/lodash": {
      "version": "4.14.184",
      "dev": true,
      "license": "MIT"
    },
    "../../node_modules/.pnpm/@vitejs+plugin-vue@3.1.0_vite@3.1.0+vue@3.2.38/node_modules/@vitejs/plugin-vue": {
      "version": "3.1.0",
      "dev": true,
      "license": "MIT",
      "devDependencies": {
        "@jridgewell/gen-mapping": "^0.3.2",
        "@jridgewell/trace-mapping": "^0.3.15",
        "debug": "^4.3.4",
        "rollup": "~2.78.0",
        "slash": "^4.0.0",
        "source-map": "^0.6.1",
        "vite": "workspace:*",
        "vue": "^3.2.37"
      },
      "engines": {
        "node": "^14.18.0 || >=16.0.0"
      },
      "peerDependencies": {
        "vite": "^3.0.0",
        "vue": "^3.2.25"
      }
    },
    "../../node_modules/.pnpm/intersection-observer@0.12.2/node_modules/intersection-observer": {
      "version": "0.12.2",
      "dev": true,
      "license": "Apache-2.0"
    },
    "../../node_modules/.pnpm/lodash@4.17.21/node_modules/lodash": {
      "version": "4.17.21",
      "dev": true,
      "license": "MIT"
    },
    "../../node_modules/.pnpm/nanoid@4.0.0/node_modules/nanoid": {
      "version": "4.0.0",
      "dev": true,
      "license": "MIT",
      "bin": {
        "nanoid": "bin/nanoid.js"
      },
      "engines": {
        "node": "^14 || ^16 || >=18"
      }
    },
    "../../node_modules/.pnpm/resize-observer-polyfill@1.5.1/node_modules/resize-observer-polyfill": {
      "version": "1.5.1",
      "dev": true,
      "license": "MIT",
      "devDependencies": {
        "babel-eslint": "10.0.1",
        "cpy-cli": "2.0.0",
        "eslint": "5.10.0",
        "jasmine": "2.8.0",
        "jasmine-core": "2.8.0",
        "karma": "3.1.3",
        "karma-chrome-launcher": "2.2.0",
        "karma-firefox-launcher": "1.1.0",
        "karma-jasmine": "1.1.2",
        "karma-jasmine-html-reporter": "0.2.2",
        "karma-rollup-preprocessor": "6.1.1",
        "karma-sauce-launcher": "1.2.0",
        "karma-sourcemap-loader": "0.3.7",
        "karma-spec-reporter": "0.0.32",
        "promise-polyfill": "8.1.0",
        "rollup": "0.67.4",
        "rollup-plugin-typescript": "1.0.0",
        "typescript": "3.2.2"
      }
    },
    "../../node_modules/.pnpm/typescript@4.8.2/node_modules/typescript": {
      "version": "4.8.2",
      "dev": true,
      "license": "Apache-2.0",
      "bin": {
        "tsc": "bin/tsc",
        "tsserver": "bin/tsserver"
      },
      "devDependencies": {
        "@octokit/rest": "latest",
        "@types/chai": "latest",
        "@types/convert-source-map": "latest",
        "@types/fs-extra": "^9.0.13",
        "@types/glob": "latest",
        "@types/gulp": "^4.0.9",
        "@types/gulp-concat": "latest",
        "@types/gulp-newer": "latest",
        "@types/gulp-rename": "latest",
        "@types/gulp-sourcemaps": "latest",
        "@types/merge2": "latest",
        "@types/microsoft__typescript-etw": "latest",
        "@types/minimatch": "latest",
        "@types/minimist": "latest",
        "@types/mkdirp": "latest",
        "@types/mocha": "latest",
        "@types/ms": "latest",
        "@types/node": "latest",
        "@types/node-fetch": "^2.6.2",
        "@types/q": "latest",
        "@types/source-map-support": "latest",
        "@types/xml2js": "^0.4.11",
        "@typescript-eslint/eslint-plugin": "^5.28.0",
        "@typescript-eslint/parser": "^5.28.0",
        "@typescript-eslint/utils": "^5.28.0",
        "async": "latest",
        "azure-devops-node-api": "^11.1.1",
        "chai": "latest",
        "chalk": "^4.1.2",
        "convert-source-map": "latest",
        "del": "6.1.1",
        "diff": "^5.1.0",
        "eslint": "8.17.0",
        "eslint-formatter-autolinkable-stylish": "1.2.0",
        "eslint-plugin-import": "2.26.0",
        "eslint-plugin-jsdoc": "39.3.2",
        "eslint-plugin-no-null": "1.0.2",
        "fancy-log": "latest",
        "fs-extra": "^9.1.0",
        "glob": "latest",
        "gulp": "^4.0.2",
        "gulp-concat": "latest",
        "gulp-insert": "latest",
        "gulp-newer": "latest",
        "gulp-rename": "latest",
        "gulp-sourcemaps": "latest",
        "merge2": "latest",
        "minimist": "latest",
        "mkdirp": "latest",
        "mocha": "latest",
        "mocha-fivemat-progress-reporter": "latest",
        "ms": "^2.1.3",
        "node-fetch": "^2.6.7",
        "prex": "^0.4.7",
        "q": "latest",
        "source-map-support": "latest",
        "typescript": "^4.5.5",
        "vinyl": "latest",
        "vinyl-sourcemaps-apply": "latest",
        "xml2js": "^0.4.23"
      },
      "engines": {
        "node": ">=4.2.0"
      }
    },
    "../../node_modules/.pnpm/vite-plugin-dts@1.4.1_vite@3.1.0/node_modules/vite-plugin-dts": {
      "version": "1.4.1",
      "dev": true,
      "license": "MIT",
      "dependencies": {
        "@microsoft/api-extractor": "^7.20.0",
        "@rushstack/node-core-library": "^3.45.1",
        "chalk": "^4.1.2",
        "debug": "^4.3.4",
        "fast-glob": "^3.2.11",
        "fs-extra": "^10.0.1",
        "ts-morph": "^14.0.0"
      },
      "devDependencies": {
        "@commitlint/cli": "^16.2.3",
        "@commitlint/config-conventional": "^16.2.1",
        "@types/debug": "^4.1.7",
        "@types/fs-extra": "^9.0.13",
        "@types/jest": "^27.4.1",
        "@typescript-eslint/eslint-plugin": "^5.16.0",
        "@typescript-eslint/parser": "^5.16.0",
        "@vitejs/plugin-vue": "^2.2.4",
        "@vue/eslint-config-standard": "^6.1.0",
        "@vue/eslint-config-typescript": "^10.0.0",
        "commitizen": "^4.2.4",
        "conventional-changelog-cli": "^2.2.2",
        "cross-env": "^7.0.3",
        "cz-customizable": "^6.3.0",
        "enquirer": "^2.3.6",
        "eslint": "^8.11.0",
        "eslint-plugin-import": "^2.25.4",
        "eslint-plugin-node": "^11.1.0",
        "eslint-plugin-promise": "^6.0.0",
        "eslint-plugin-vue": "^8.5.0",
        "execa": "^5.1.1",
        "husky": "^7.0.4",
        "is-ci": "^3.0.1",
        "jest": "^27.5.1",
        "lint-staged": "^12.3.7",
        "minimist": "^1.2.5",
        "pinst": "^3.0.0",
        "prettier": "^2.6.0",
        "pretty-quick": "^3.1.3",
        "rimraf": "^3.0.2",
        "semver": "^7.3.5",
        "ts-jest": "^27.1.3",
        "tsup": "^5.12.1",
        "typescript": "4.6.2",
        "vite": "^2.8.6",
        "vue": "3.2.26"
      },
      "engines": {
        "node": ">=12.0.0"
      },
      "peerDependencies": {
        "vite": ">=2.4.4"
      }
    },
    "../../node_modules/.pnpm/vite@3.1.0/node_modules/vite": {
      "version": "3.1.0",
      "dev": true,
      "license": "MIT",
      "dependencies": {
        "esbuild": "^0.15.6",
        "postcss": "^8.4.16",
        "resolve": "^1.22.1",
        "rollup": "~2.78.0"
      },
      "bin": {
        "vite": "bin/vite.js"
      },
      "devDependencies": {
        "@ampproject/remapping": "^2.2.0",
        "@babel/parser": "^7.18.13",
        "@babel/types": "^7.18.13",
        "@jridgewell/trace-mapping": "^0.3.15",
        "@rollup/plugin-alias": "^3.1.9",
        "@rollup/plugin-commonjs": "^22.0.2",
        "@rollup/plugin-dynamic-import-vars": "^1.4.4",
        "@rollup/plugin-json": "^4.1.0",
        "@rollup/plugin-node-resolve": "13.3.0",
        "@rollup/plugin-typescript": "^8.4.0",
        "@rollup/pluginutils": "^4.2.1",
        "acorn": "^8.8.0",
        "cac": "^6.7.14",
        "chokidar": "^3.5.3",
        "connect": "^3.7.0",
        "connect-history-api-fallback": "^2.0.0",
        "convert-source-map": "^1.8.0",
        "cors": "^2.8.5",
        "cross-spawn": "^7.0.3",
        "debug": "^4.3.4",
        "dotenv": "^14.3.2",
        "dotenv-expand": "^5.1.0",
        "es-module-lexer": "^1.0.3",
        "estree-walker": "^3.0.1",
        "etag": "^1.8.1",
        "fast-glob": "^3.2.11",
        "http-proxy": "^1.18.1",
        "json5": "^2.2.1",
        "launch-editor-middleware": "^2.6.0",
        "magic-string": "^0.26.2",
        "micromatch": "^4.0.5",
        "mlly": "^0.5.14",
        "mrmime": "^1.0.1",
        "okie": "^1.0.1",
        "open": "^8.4.0",
        "parse5": "^7.0.0",
        "periscopic": "^3.0.4",
        "picocolors": "^1.0.0",
        "postcss-import": "^15.0.0",
        "postcss-load-config": "^4.0.1",
        "postcss-modules": "^5.0.0",
        "resolve.exports": "^1.1.0",
        "sirv": "^2.0.2",
        "source-map-js": "^1.0.2",
        "source-map-support": "^0.5.21",
        "strip-ansi": "^7.0.1",
        "strip-literal": "^0.4.0",
        "tsconfck": "^2.0.1",
        "tslib": "^2.4.0",
        "types": "link:./types",
        "ufo": "^0.8.5",
        "ws": "^8.8.1"
      },
      "engines": {
        "node": "^14.18.0 || >=16.0.0"
      },
      "optionalDependencies": {
        "fsevents": "~2.3.2"
      },
      "peerDependencies": {
        "less": "*",
        "sass": "*",
        "stylus": "*",
        "terser": "^5.4.0"
      },
      "peerDependenciesMeta": {
        "less": {
          "optional": true
        },
        "sass": {
          "optional": true
        },
        "stylus": {
          "optional": true
        },
        "terser": {
          "optional": true
        }
      }
    },
    "../../node_modules/.pnpm/vue-tsc@0.39.5_typescript@4.8.2/node_modules/vue-tsc": {
      "version": "0.39.5",
      "dev": true,
      "license": "MIT",
      "dependencies": {
        "@volar/vue-language-core": "0.39.5",
        "@volar/vue-typescript": "0.39.5"
      },
      "bin": {
        "vue-tsc": "bin/vue-tsc.js"
      },
      "peerDependencies": {
        "typescript": "*"
      }
    },
    "../../node_modules/.pnpm/vue@3.2.38/node_modules/vue": {
      "version": "3.2.38",
      "license": "MIT",
      "dependencies": {
        "@vue/compiler-dom": "3.2.38",
        "@vue/compiler-sfc": "3.2.38",
        "@vue/runtime-dom": "3.2.38",
        "@vue/server-renderer": "3.2.38",
        "@vue/shared": "3.2.38"
      }
    },
    "node_modules/@types/lodash": {
      "resolved": "../../node_modules/.pnpm/@types+lodash@4.14.184/node_modules/@types/lodash",
      "link": true
    },
    "node_modules/@vitejs/plugin-vue": {
      "resolved": "../../node_modules/.pnpm/@vitejs+plugin-vue@3.1.0_vite@3.1.0+vue@3.2.38/node_modules/@vitejs/plugin-vue",
      "link": true
    },
    "node_modules/intersection-observer": {
      "resolved": "../../node_modules/.pnpm/intersection-observer@0.12.2/node_modules/intersection-observer",
      "link": true
    },
    "node_modules/lodash": {
      "resolved": "../../node_modules/.pnpm/lodash@4.17.21/node_modules/lodash",
      "link": true
    },
    "node_modules/nanoid": {
      "resolved": "../../node_modules/.pnpm/nanoid@4.0.0/node_modules/nanoid",
      "link": true
    },
    "node_modules/resize-observer-polyfill": {
      "resolved": "../../node_modules/.pnpm/resize-observer-polyfill@1.5.1/node_modules/resize-observer-polyfill",
      "link": true
    },
    "node_modules/typescript": {
      "resolved": "../../node_modules/.pnpm/typescript@4.8.2/node_modules/typescript",
      "link": true
    },
    "node_modules/vite": {
      "resolved": "../../node_modules/.pnpm/vite@3.1.0/node_modules/vite",
      "link": true
    },
    "node_modules/vite-plugin-dts": {
      "resolved": "../../node_modules/.pnpm/vite-plugin-dts@1.4.1_vite@3.1.0/node_modules/vite-plugin-dts",
      "link": true
    },
    "node_modules/vue": {
      "resolved": "../../node_modules/.pnpm/vue@3.2.38/node_modules/vue",
      "link": true
    },
    "node_modules/vue-tsc": {
      "resolved": "../../node_modules/.pnpm/vue-tsc@0.39.5_typescript@4.8.2/node_modules/vue-tsc",
      "link": true
    }
  },
  "dependencies": {
    "@types/lodash": {
      "version": "file:../../node_modules/.pnpm/@types+lodash@4.14.184/node_modules/@types/lodash"
    },
    "@vitejs/plugin-vue": {
      "version": "file:../../node_modules/.pnpm/@vitejs+plugin-vue@3.1.0_vite@3.1.0+vue@3.2.38/node_modules/@vitejs/plugin-vue",
      "requires": {
        "@jridgewell/gen-mapping": "^0.3.2",
        "@jridgewell/trace-mapping": "^0.3.15",
        "debug": "^4.3.4",
        "rollup": "~2.78.0",
        "slash": "^4.0.0",
        "source-map": "^0.6.1",
        "vite": "workspace:*",
        "vue": "^3.2.37"
      }
    },
    "intersection-observer": {
      "version": "file:../../node_modules/.pnpm/intersection-observer@0.12.2/node_modules/intersection-observer"
    },
    "lodash": {
      "version": "file:../../node_modules/.pnpm/lodash@4.17.21/node_modules/lodash"
    },
    "nanoid": {
      "version": "file:../../node_modules/.pnpm/nanoid@4.0.0/node_modules/nanoid"
    },
    "resize-observer-polyfill": {
      "version": "file:../../node_modules/.pnpm/resize-observer-polyfill@1.5.1/node_modules/resize-observer-polyfill",
      "requires": {
        "babel-eslint": "10.0.1",
        "cpy-cli": "2.0.0",
        "eslint": "5.10.0",
        "jasmine": "2.8.0",
        "jasmine-core": "2.8.0",
        "karma": "3.1.3",
        "karma-chrome-launcher": "2.2.0",
        "karma-firefox-launcher": "1.1.0",
        "karma-jasmine": "1.1.2",
        "karma-jasmine-html-reporter": "0.2.2",
        "karma-rollup-preprocessor": "6.1.1",
        "karma-sauce-launcher": "1.2.0",
        "karma-sourcemap-loader": "0.3.7",
        "karma-spec-reporter": "0.0.32",
        "promise-polyfill": "8.1.0",
        "rollup": "0.67.4",
        "rollup-plugin-typescript": "1.0.0",
        "typescript": "3.2.2"
      }
    },
    "typescript": {
      "version": "file:../../node_modules/.pnpm/typescript@4.8.2/node_modules/typescript",
      "requires": {
        "@octokit/rest": "latest",
        "@types/chai": "latest",
        "@types/convert-source-map": "latest",
        "@types/fs-extra": "^9.0.13",
        "@types/glob": "latest",
        "@types/gulp": "^4.0.9",
        "@types/gulp-concat": "latest",
        "@types/gulp-newer": "latest",
        "@types/gulp-rename": "latest",
        "@types/gulp-sourcemaps": "latest",
        "@types/merge2": "latest",
        "@types/microsoft__typescript-etw": "latest",
        "@types/minimatch": "latest",
        "@types/minimist": "latest",
        "@types/mkdirp": "latest",
        "@types/mocha": "latest",
        "@types/ms": "latest",
        "@types/node": "latest",
        "@types/node-fetch": "^2.6.2",
        "@types/q": "latest",
        "@types/source-map-support": "latest",
        "@types/xml2js": "^0.4.11",
        "@typescript-eslint/eslint-plugin": "^5.28.0",
        "@typescript-eslint/parser": "^5.28.0",
        "@typescript-eslint/utils": "^5.28.0",
        "async": "latest",
        "azure-devops-node-api": "^11.1.1",
        "chai": "latest",
        "chalk": "^4.1.2",
        "convert-source-map": "latest",
        "del": "6.1.1",
        "diff": "^5.1.0",
        "eslint": "8.17.0",
        "eslint-formatter-autolinkable-stylish": "1.2.0",
        "eslint-plugin-import": "2.26.0",
        "eslint-plugin-jsdoc": "39.3.2",
        "eslint-plugin-no-null": "1.0.2",
        "fancy-log": "latest",
        "fs-extra": "^9.1.0",
        "glob": "latest",
        "gulp": "^4.0.2",
        "gulp-concat": "latest",
        "gulp-insert": "latest",
        "gulp-newer": "latest",
        "gulp-rename": "latest",
        "gulp-sourcemaps": "latest",
        "merge2": "latest",
        "minimist": "latest",
        "mkdirp": "latest",
        "mocha": "latest",
        "mocha-fivemat-progress-reporter": "latest",
        "ms": "^2.1.3",
        "node-fetch": "^2.6.7",
        "prex": "^0.4.7",
        "q": "latest",
        "source-map-support": "latest",
        "typescript": "^4.5.5",
        "vinyl": "latest",
        "vinyl-sourcemaps-apply": "latest",
        "xml2js": "^0.4.23"
      }
    },
    "vite": {
      "version": "file:../../node_modules/.pnpm/vite@3.1.0/node_modules/vite",
      "requires": {
        "@ampproject/remapping": "^2.2.0",
        "@babel/parser": "^7.18.13",
        "@babel/types": "^7.18.13",
        "@jridgewell/trace-mapping": "^0.3.15",
        "@rollup/plugin-alias": "^3.1.9",
        "@rollup/plugin-commonjs": "^22.0.2",
        "@rollup/plugin-dynamic-import-vars": "^1.4.4",
        "@rollup/plugin-json": "^4.1.0",
        "@rollup/plugin-node-resolve": "13.3.0",
        "@rollup/plugin-typescript": "^8.4.0",
        "@rollup/pluginutils": "^4.2.1",
        "acorn": "^8.8.0",
        "cac": "^6.7.14",
        "chokidar": "^3.5.3",
        "connect": "^3.7.0",
        "connect-history-api-fallback": "^2.0.0",
        "convert-source-map": "^1.8.0",
        "cors": "^2.8.5",
        "cross-spawn": "^7.0.3",
        "debug": "^4.3.4",
        "dotenv": "^14.3.2",
        "dotenv-expand": "^5.1.0",
        "es-module-lexer": "^1.0.3",
        "esbuild": "^0.15.6",
        "estree-walker": "^3.0.1",
        "etag": "^1.8.1",
        "fast-glob": "^3.2.11",
        "fsevents": "~2.3.2",
        "http-proxy": "^1.18.1",
        "json5": "^2.2.1",
        "launch-editor-middleware": "^2.6.0",
        "magic-string": "^0.26.2",
        "micromatch": "^4.0.5",
        "mlly": "^0.5.14",
        "mrmime": "^1.0.1",
        "okie": "^1.0.1",
        "open": "^8.4.0",
        "parse5": "^7.0.0",
        "periscopic": "^3.0.4",
        "picocolors": "^1.0.0",
        "postcss": "^8.4.16",
        "postcss-import": "^15.0.0",
        "postcss-load-config": "^4.0.1",
        "postcss-modules": "^5.0.0",
        "resolve": "^1.22.1",
        "resolve.exports": "^1.1.0",
        "rollup": "~2.78.0",
        "sirv": "^2.0.2",
        "source-map-js": "^1.0.2",
        "source-map-support": "^0.5.21",
        "strip-ansi": "^7.0.1",
        "strip-literal": "^0.4.0",
        "tsconfck": "^2.0.1",
        "tslib": "^2.4.0",
        "types": "link:./types",
        "ufo": "^0.8.5",
        "ws": "^8.8.1"
      }
    },
    "vite-plugin-dts": {
      "version": "file:../../node_modules/.pnpm/vite-plugin-dts@1.4.1_vite@3.1.0/node_modules/vite-plugin-dts",
      "requires": {
        "@commitlint/cli": "^16.2.3",
        "@commitlint/config-conventional": "^16.2.1",
        "@microsoft/api-extractor": "^7.20.0",
        "@rushstack/node-core-library": "^3.45.1",
        "@types/debug": "^4.1.7",
        "@types/fs-extra": "^9.0.13",
        "@types/jest": "^27.4.1",
        "@typescript-eslint/eslint-plugin": "^5.16.0",
        "@typescript-eslint/parser": "^5.16.0",
        "@vitejs/plugin-vue": "^2.2.4",
        "@vue/eslint-config-standard": "^6.1.0",
        "@vue/eslint-config-typescript": "^10.0.0",
        "chalk": "^4.1.2",
        "commitizen": "^4.2.4",
        "conventional-changelog-cli": "^2.2.2",
        "cross-env": "^7.0.3",
        "cz-customizable": "^6.3.0",
        "debug": "^4.3.4",
        "enquirer": "^2.3.6",
        "eslint": "^8.11.0",
        "eslint-plugin-import": "^2.25.4",
        "eslint-plugin-node": "^11.1.0",
        "eslint-plugin-promise": "^6.0.0",
        "eslint-plugin-vue": "^8.5.0",
        "execa": "^5.1.1",
        "fast-glob": "^3.2.11",
        "fs-extra": "^10.0.1",
        "husky": "^7.0.4",
        "is-ci": "^3.0.1",
        "jest": "^27.5.1",
        "lint-staged": "^12.3.7",
        "minimist": "^1.2.5",
        "pinst": "^3.0.0",
        "prettier": "^2.6.0",
        "pretty-quick": "^3.1.3",
        "rimraf": "^3.0.2",
        "semver": "^7.3.5",
        "ts-jest": "^27.1.3",
        "ts-morph": "^14.0.0",
        "tsup": "^5.12.1",
        "typescript": "4.6.2",
        "vite": "^2.8.6",
        "vue": "3.2.26"
      }
    },
    "vue": {
      "version": "file:../../node_modules/.pnpm/vue@3.2.38/node_modules/vue",
      "requires": {
        "@vue/compiler-dom": "3.2.38",
        "@vue/compiler-sfc": "3.2.38",
        "@vue/runtime-dom": "3.2.38",
        "@vue/server-renderer": "3.2.38",
        "@vue/shared": "3.2.38"
      }
    },
    "vue-tsc": {
      "version": "file:../../node_modules/.pnpm/vue-tsc@0.39.5_typescript@4.8.2/node_modules/vue-tsc",
      "requires": {
        "@volar/vue-language-core": "0.39.5",
        "@volar/vue-typescript": "0.39.5"
      }
    }
  }
}
